// !$*UTF8*$!
{
	archiveVersion = 1;
	classes = {
	};
	objectVersion = 50;
	objects = {

/* Begin PBXBuildFile section */
		1E99C373C11B1AE7EE14EAA4 /* Pods_PBUtilsExample.framework in Frameworks */ = {isa = PBXBuildFile; fileRef = C14D263652910A5318612963 /* Pods_PBUtilsExample.framework */; };
		7490CFE829008C2BC48E9B5D /* Pods_PBUtils.framework in Frameworks */ = {isa = PBXBuildFile; fileRef = 2277B9811AD7F63602E7059B /* Pods_PBUtils.framework */; };
		8BD373D12440F4D400404989 /* PBUtils.framework in Frameworks */ = {isa = PBXBuildFile; fileRef = 8BD373C72440F4D400404989 /* PBUtils.framework */; };
		8BD373D62440F4D400404989 /* PBUtilsTests.swift in Sources */ = {isa = PBXBuildFile; fileRef = 8BD373D52440F4D400404989 /* PBUtilsTests.swift */; };
		8BD373D82440F4D400404989 /* PBUtils.h in Headers */ = {isa = PBXBuildFile; fileRef = 8BD373CA2440F4D400404989 /* PBUtils.h */; settings = {ATTRIBUTES = (Public, ); }; };
		8BD373E82440F51400404989 /* AppDelegate.swift in Sources */ = {isa = PBXBuildFile; fileRef = 8BD373E72440F51400404989 /* AppDelegate.swift */; };
		8BD373EC2440F51400404989 /* ViewController.swift in Sources */ = {isa = PBXBuildFile; fileRef = 8BD373EB2440F51400404989 /* ViewController.swift */; };
		8BD373EF2440F51400404989 /* Main.storyboard in Resources */ = {isa = PBXBuildFile; fileRef = 8BD373ED2440F51400404989 /* Main.storyboard */; };
		8BD373F12440F51500404989 /* Assets.xcassets in Resources */ = {isa = PBXBuildFile; fileRef = 8BD373F02440F51500404989 /* Assets.xcassets */; };
		8BD373F42440F51500404989 /* LaunchScreen.storyboard in Resources */ = {isa = PBXBuildFile; fileRef = 8BD373F22440F51500404989 /* LaunchScreen.storyboard */; };
		8BD3740A2440F55600404989 /* LocalFiles+Utils.swift in Sources */ = {isa = PBXBuildFile; fileRef = 8BD373FA2440F55600404989 /* LocalFiles+Utils.swift */; };
		8BD374642441CAE800404989 /* UICollectionViewCell+Utils.swift in Sources */ = {isa = PBXBuildFile; fileRef = 8BD3745A2441CAE800404989 /* UICollectionViewCell+Utils.swift */; };
		8BD374652441CAE800404989 /* UIView+Utils.swift in Sources */ = {isa = PBXBuildFile; fileRef = 8BD3745B2441CAE800404989 /* UIView+Utils.swift */; };
		8BD374662441CAE800404989 /* Colors.swift in Sources */ = {isa = PBXBuildFile; fileRef = 8BD3745C2441CAE800404989 /* Colors.swift */; };
		8BD374672441CAE800404989 /* UINib+Utils.swift in Sources */ = {isa = PBXBuildFile; fileRef = 8BD3745D2441CAE800404989 /* UINib+Utils.swift */; };
		8BD374682441CAE800404989 /* UIKeyboard+Utils.swift in Sources */ = {isa = PBXBuildFile; fileRef = 8BD3745E2441CAE800404989 /* UIKeyboard+Utils.swift */; };
		8BD374692441CAE800404989 /* UIViewControllerUtils.swift in Sources */ = {isa = PBXBuildFile; fileRef = 8BD3745F2441CAE800404989 /* UIViewControllerUtils.swift */; };
		8BD3746A2441CAE800404989 /* UITableView+Utils.swift in Sources */ = {isa = PBXBuildFile; fileRef = 8BD374602441CAE800404989 /* UITableView+Utils.swift */; };
		8BD3746B2441CAE800404989 /* UIStackView+Utils.swift in Sources */ = {isa = PBXBuildFile; fileRef = 8BD374612441CAE800404989 /* UIStackView+Utils.swift */; };
		8BD3746C2441CAE800404989 /* Date+Utils.swift in Sources */ = {isa = PBXBuildFile; fileRef = 8BD374622441CAE800404989 /* Date+Utils.swift */; };
		8BD3746D2441CAE800404989 /* ReusableViewProtocol.swift in Sources */ = {isa = PBXBuildFile; fileRef = 8BD374632441CAE800404989 /* ReusableViewProtocol.swift */; };
		8BD374712441CC3400404989 /* NibFileOwnerLoadableProtocol.swift in Sources */ = {isa = PBXBuildFile; fileRef = 8BD374702441CC3400404989 /* NibFileOwnerLoadableProtocol.swift */; };
		8BD374752441D2AC00404989 /* TimelineView.xib in Resources */ = {isa = PBXBuildFile; fileRef = 8BD374742441D2AC00404989 /* TimelineView.xib */; };
		8DB9B1BDE2CA804FA87B0E60 /* Pods_PBUtils_PBUtilsTests.framework in Frameworks */ = {isa = PBXBuildFile; fileRef = F7A95C9E3B034C865877BCFF /* Pods_PBUtils_PBUtilsTests.framework */; };
/* End PBXBuildFile section */

/* Begin PBXContainerItemProxy section */
		8BD373D22440F4D400404989 /* PBXContainerItemProxy */ = {
			isa = PBXContainerItemProxy;
			containerPortal = 8BD373BE2440F4D400404989 /* Project object */;
			proxyType = 1;
			remoteGlobalIDString = 8BD373C62440F4D400404989;
			remoteInfo = PBUtils;
		};
/* End PBXContainerItemProxy section */

/* Begin PBXFileReference section */
		0CFC8B7D4B707D6DF224AE10 /* Pods-PBUtilsExample.release.xcconfig */ = {isa = PBXFileReference; includeInIndex = 1; lastKnownFileType = text.xcconfig; name = "Pods-PBUtilsExample.release.xcconfig"; path = "Target Support Files/Pods-PBUtilsExample/Pods-PBUtilsExample.release.xcconfig"; sourceTree = "<group>"; };
		0E0399FD10E1D5905CD66A7B /* Pods-PBUtils-PBUtilsTests.debug.xcconfig */ = {isa = PBXFileReference; includeInIndex = 1; lastKnownFileType = text.xcconfig; name = "Pods-PBUtils-PBUtilsTests.debug.xcconfig"; path = "Target Support Files/Pods-PBUtils-PBUtilsTests/Pods-PBUtils-PBUtilsTests.debug.xcconfig"; sourceTree = "<group>"; };
		2277B9811AD7F63602E7059B /* Pods_PBUtils.framework */ = {isa = PBXFileReference; explicitFileType = wrapper.framework; includeInIndex = 0; path = Pods_PBUtils.framework; sourceTree = BUILT_PRODUCTS_DIR; };
		3CDFCA9F7D9EF03A5535A423 /* Pods-PBUtils.debug.xcconfig */ = {isa = PBXFileReference; includeInIndex = 1; lastKnownFileType = text.xcconfig; name = "Pods-PBUtils.debug.xcconfig"; path = "Target Support Files/Pods-PBUtils/Pods-PBUtils.debug.xcconfig"; sourceTree = "<group>"; };
		4C3EFF2882ECF0F0464BF20B /* Pods-PBUtilsExample.debug.xcconfig */ = {isa = PBXFileReference; includeInIndex = 1; lastKnownFileType = text.xcconfig; name = "Pods-PBUtilsExample.debug.xcconfig"; path = "Target Support Files/Pods-PBUtilsExample/Pods-PBUtilsExample.debug.xcconfig"; sourceTree = "<group>"; };
		8BD373C72440F4D400404989 /* PBUtils.framework */ = {isa = PBXFileReference; explicitFileType = wrapper.framework; includeInIndex = 0; path = PBUtils.framework; sourceTree = BUILT_PRODUCTS_DIR; };
		8BD373CA2440F4D400404989 /* PBUtils.h */ = {isa = PBXFileReference; lastKnownFileType = sourcecode.c.h; path = PBUtils.h; sourceTree = "<group>"; };
		8BD373CB2440F4D400404989 /* Info.plist */ = {isa = PBXFileReference; lastKnownFileType = text.plist.xml; path = Info.plist; sourceTree = "<group>"; };
		8BD373D02440F4D400404989 /* PBUtilsTests.xctest */ = {isa = PBXFileReference; explicitFileType = wrapper.cfbundle; includeInIndex = 0; path = PBUtilsTests.xctest; sourceTree = BUILT_PRODUCTS_DIR; };
		8BD373D52440F4D400404989 /* PBUtilsTests.swift */ = {isa = PBXFileReference; lastKnownFileType = sourcecode.swift; path = PBUtilsTests.swift; sourceTree = "<group>"; };
		8BD373D72440F4D400404989 /* Info.plist */ = {isa = PBXFileReference; lastKnownFileType = text.plist.xml; path = Info.plist; sourceTree = "<group>"; };
		8BD373E52440F51400404989 /* PBUtilsExample.app */ = {isa = PBXFileReference; explicitFileType = wrapper.application; includeInIndex = 0; path = PBUtilsExample.app; sourceTree = BUILT_PRODUCTS_DIR; };
		8BD373E72440F51400404989 /* AppDelegate.swift */ = {isa = PBXFileReference; lastKnownFileType = sourcecode.swift; path = AppDelegate.swift; sourceTree = "<group>"; };
		8BD373EB2440F51400404989 /* ViewController.swift */ = {isa = PBXFileReference; lastKnownFileType = sourcecode.swift; path = ViewController.swift; sourceTree = "<group>"; };
		8BD373EE2440F51400404989 /* Base */ = {isa = PBXFileReference; lastKnownFileType = file.storyboard; name = Base; path = Base.lproj/Main.storyboard; sourceTree = "<group>"; };
		8BD373F02440F51500404989 /* Assets.xcassets */ = {isa = PBXFileReference; lastKnownFileType = folder.assetcatalog; path = Assets.xcassets; sourceTree = "<group>"; };
		8BD373F32440F51500404989 /* Base */ = {isa = PBXFileReference; lastKnownFileType = file.storyboard; name = Base; path = Base.lproj/LaunchScreen.storyboard; sourceTree = "<group>"; };
		8BD373F52440F51500404989 /* Info.plist */ = {isa = PBXFileReference; lastKnownFileType = text.plist.xml; path = Info.plist; sourceTree = "<group>"; };
		8BD373FA2440F55600404989 /* LocalFiles+Utils.swift */ = {isa = PBXFileReference; fileEncoding = 4; lastKnownFileType = sourcecode.swift; path = "LocalFiles+Utils.swift"; sourceTree = "<group>"; };
		8BD3745A2441CAE800404989 /* UICollectionViewCell+Utils.swift */ = {isa = PBXFileReference; fileEncoding = 4; lastKnownFileType = sourcecode.swift; path = "UICollectionViewCell+Utils.swift"; sourceTree = "<group>"; };
		8BD3745B2441CAE800404989 /* UIView+Utils.swift */ = {isa = PBXFileReference; fileEncoding = 4; lastKnownFileType = sourcecode.swift; path = "UIView+Utils.swift"; sourceTree = "<group>"; };
		8BD3745C2441CAE800404989 /* Colors.swift */ = {isa = PBXFileReference; fileEncoding = 4; lastKnownFileType = sourcecode.swift; path = Colors.swift; sourceTree = "<group>"; };
		8BD3745D2441CAE800404989 /* UINib+Utils.swift */ = {isa = PBXFileReference; fileEncoding = 4; lastKnownFileType = sourcecode.swift; path = "UINib+Utils.swift"; sourceTree = "<group>"; };
		8BD3745E2441CAE800404989 /* UIKeyboard+Utils.swift */ = {isa = PBXFileReference; fileEncoding = 4; lastKnownFileType = sourcecode.swift; path = "UIKeyboard+Utils.swift"; sourceTree = "<group>"; };
		8BD3745F2441CAE800404989 /* UIViewControllerUtils.swift */ = {isa = PBXFileReference; fileEncoding = 4; lastKnownFileType = sourcecode.swift; path = UIViewControllerUtils.swift; sourceTree = "<group>"; };
		8BD374602441CAE800404989 /* UITableView+Utils.swift */ = {isa = PBXFileReference; fileEncoding = 4; lastKnownFileType = sourcecode.swift; path = "UITableView+Utils.swift"; sourceTree = "<group>"; };
		8BD374612441CAE800404989 /* UIStackView+Utils.swift */ = {isa = PBXFileReference; fileEncoding = 4; lastKnownFileType = sourcecode.swift; path = "UIStackView+Utils.swift"; sourceTree = "<group>"; };
		8BD374622441CAE800404989 /* Date+Utils.swift */ = {isa = PBXFileReference; fileEncoding = 4; lastKnownFileType = sourcecode.swift; path = "Date+Utils.swift"; sourceTree = "<group>"; };
		8BD374632441CAE800404989 /* ReusableViewProtocol.swift */ = {isa = PBXFileReference; fileEncoding = 4; lastKnownFileType = sourcecode.swift; path = ReusableViewProtocol.swift; sourceTree = "<group>"; };
		8BD374702441CC3400404989 /* NibFileOwnerLoadableProtocol.swift */ = {isa = PBXFileReference; lastKnownFileType = sourcecode.swift; path = NibFileOwnerLoadableProtocol.swift; sourceTree = "<group>"; };
		8BD374742441D2AC00404989 /* TimelineView.xib */ = {isa = PBXFileReference; lastKnownFileType = file.xib; path = TimelineView.xib; sourceTree = "<group>"; };
		C14D263652910A5318612963 /* Pods_PBUtilsExample.framework */ = {isa = PBXFileReference; explicitFileType = wrapper.framework; includeInIndex = 0; path = Pods_PBUtilsExample.framework; sourceTree = BUILT_PRODUCTS_DIR; };
		C4FA9DDFDAE1CA6B12CC33EC /* Pods-PBUtils-PBUtilsTests.release.xcconfig */ = {isa = PBXFileReference; includeInIndex = 1; lastKnownFileType = text.xcconfig; name = "Pods-PBUtils-PBUtilsTests.release.xcconfig"; path = "Target Support Files/Pods-PBUtils-PBUtilsTests/Pods-PBUtils-PBUtilsTests.release.xcconfig"; sourceTree = "<group>"; };
		EC288DD3333DD708EF962CEE /* Pods-PBUtils.release.xcconfig */ = {isa = PBXFileReference; includeInIndex = 1; lastKnownFileType = text.xcconfig; name = "Pods-PBUtils.release.xcconfig"; path = "Target Support Files/Pods-PBUtils/Pods-PBUtils.release.xcconfig"; sourceTree = "<group>"; };
		F7A95C9E3B034C865877BCFF /* Pods_PBUtils_PBUtilsTests.framework */ = {isa = PBXFileReference; explicitFileType = wrapper.framework; includeInIndex = 0; path = Pods_PBUtils_PBUtilsTests.framework; sourceTree = BUILT_PRODUCTS_DIR; };
/* End PBXFileReference section */

/* Begin PBXFrameworksBuildPhase section */
		8BD373C42440F4D400404989 /* Frameworks */ = {
			isa = PBXFrameworksBuildPhase;
			buildActionMask = 2147483647;
			files = (
				7490CFE829008C2BC48E9B5D /* Pods_PBUtils.framework in Frameworks */,
			);
			runOnlyForDeploymentPostprocessing = 0;
		};
		8BD373CD2440F4D400404989 /* Frameworks */ = {
			isa = PBXFrameworksBuildPhase;
			buildActionMask = 2147483647;
			files = (
				8BD373D12440F4D400404989 /* PBUtils.framework in Frameworks */,
				8DB9B1BDE2CA804FA87B0E60 /* Pods_PBUtils_PBUtilsTests.framework in Frameworks */,
			);
			runOnlyForDeploymentPostprocessing = 0;
		};
		8BD373E22440F51400404989 /* Frameworks */ = {
			isa = PBXFrameworksBuildPhase;
			buildActionMask = 2147483647;
			files = (
				1E99C373C11B1AE7EE14EAA4 /* Pods_PBUtilsExample.framework in Frameworks */,
			);
			runOnlyForDeploymentPostprocessing = 0;
		};
/* End PBXFrameworksBuildPhase section */

/* Begin PBXGroup section */
		3A40F614409F543B3B90F334 /* Frameworks */ = {
			isa = PBXGroup;
			children = (
				2277B9811AD7F63602E7059B /* Pods_PBUtils.framework */,
				F7A95C9E3B034C865877BCFF /* Pods_PBUtils_PBUtilsTests.framework */,
				C14D263652910A5318612963 /* Pods_PBUtilsExample.framework */,
			);
			name = Frameworks;
			sourceTree = "<group>";
		};
		8BD373BD2440F4D400404989 = {
			isa = PBXGroup;
			children = (
				8BD373C92440F4D400404989 /* PBUtils */,
				8BD373D42440F4D400404989 /* PBUtilsTests */,
				8BD373E62440F51400404989 /* PBUtilsExample */,
				8BD373C82440F4D400404989 /* Products */,
				AEA6A8F36F39D8D80CE0F748 /* Pods */,
				3A40F614409F543B3B90F334 /* Frameworks */,
			);
			sourceTree = "<group>";
		};
		8BD373C82440F4D400404989 /* Products */ = {
			isa = PBXGroup;
			children = (
				8BD373C72440F4D400404989 /* PBUtils.framework */,
				8BD373D02440F4D400404989 /* PBUtilsTests.xctest */,
				8BD373E52440F51400404989 /* PBUtilsExample.app */,
			);
			name = Products;
			sourceTree = "<group>";
		};
		8BD373C92440F4D400404989 /* PBUtils */ = {
			isa = PBXGroup;
			children = (
				8BD3741A2440F9F600404989 /* Classes */,
				8BD373CA2440F4D400404989 /* PBUtils.h */,
				8BD373CB2440F4D400404989 /* Info.plist */,
			);
			path = PBUtils;
			sourceTree = "<group>";
		};
		8BD373D42440F4D400404989 /* PBUtilsTests */ = {
			isa = PBXGroup;
			children = (
				8BD373D52440F4D400404989 /* PBUtilsTests.swift */,
				8BD373D72440F4D400404989 /* Info.plist */,
			);
			path = PBUtilsTests;
			sourceTree = "<group>";
		};
		8BD373E62440F51400404989 /* PBUtilsExample */ = {
			isa = PBXGroup;
			children = (
				8BD373E72440F51400404989 /* AppDelegate.swift */,
				8BD373EB2440F51400404989 /* ViewController.swift */,
				8BD373ED2440F51400404989 /* Main.storyboard */,
				8BD373F02440F51500404989 /* Assets.xcassets */,
				8BD373F22440F51500404989 /* LaunchScreen.storyboard */,
				8BD373F52440F51500404989 /* Info.plist */,
				8BD374742441D2AC00404989 /* TimelineView.xib */,
			);
			path = PBUtilsExample;
			sourceTree = "<group>";
		};
		8BD373F92440F55600404989 /* Utils */ = {
			isa = PBXGroup;
			children = (
				8BD3745C2441CAE800404989 /* Colors.swift */,
				8BD374622441CAE800404989 /* Date+Utils.swift */,
				8BD374632441CAE800404989 /* ReusableViewProtocol.swift */,
				8BD3745A2441CAE800404989 /* UICollectionViewCell+Utils.swift */,
				8BD374602441CAE800404989 /* UITableView+Utils.swift */,
				8BD3745E2441CAE800404989 /* UIKeyboard+Utils.swift */,
				8BD3745D2441CAE800404989 /* UINib+Utils.swift */,
				8BD374612441CAE800404989 /* UIStackView+Utils.swift */,
				8BD3745B2441CAE800404989 /* UIView+Utils.swift */,
				8BD3745F2441CAE800404989 /* UIViewControllerUtils.swift */,
				8BD373FA2440F55600404989 /* LocalFiles+Utils.swift */,
				8BD374702441CC3400404989 /* NibFileOwnerLoadableProtocol.swift */,
			);
			path = Utils;
			sourceTree = "<group>";
		};
		8BD3741A2440F9F600404989 /* Classes */ = {
			isa = PBXGroup;
			children = (
				8BD373F92440F55600404989 /* Utils */,
			);
			path = Classes;
			sourceTree = "<group>";
		};
		AEA6A8F36F39D8D80CE0F748 /* Pods */ = {
			isa = PBXGroup;
			children = (
				3CDFCA9F7D9EF03A5535A423 /* Pods-PBUtils.debug.xcconfig */,
				EC288DD3333DD708EF962CEE /* Pods-PBUtils.release.xcconfig */,
				0E0399FD10E1D5905CD66A7B /* Pods-PBUtils-PBUtilsTests.debug.xcconfig */,
				C4FA9DDFDAE1CA6B12CC33EC /* Pods-PBUtils-PBUtilsTests.release.xcconfig */,
				4C3EFF2882ECF0F0464BF20B /* Pods-PBUtilsExample.debug.xcconfig */,
				0CFC8B7D4B707D6DF224AE10 /* Pods-PBUtilsExample.release.xcconfig */,
			);
			path = Pods;
			sourceTree = "<group>";
		};
/* End PBXGroup section */

/* Begin PBXHeadersBuildPhase section */
		8BD373C22440F4D400404989 /* Headers */ = {
			isa = PBXHeadersBuildPhase;
			buildActionMask = 2147483647;
			files = (
				8BD373D82440F4D400404989 /* PBUtils.h in Headers */,
			);
			runOnlyForDeploymentPostprocessing = 0;
		};
/* End PBXHeadersBuildPhase section */

/* Begin PBXNativeTarget section */
		8BD373C62440F4D400404989 /* PBUtils */ = {
			isa = PBXNativeTarget;
			buildConfigurationList = 8BD373DB2440F4D400404989 /* Build configuration list for PBXNativeTarget "PBUtils" */;
			buildPhases = (
				106C713A776BC94D7E60838C /* [CP] Check Pods Manifest.lock */,
				8BD373C22440F4D400404989 /* Headers */,
				8BD373C32440F4D400404989 /* Sources */,
				8BD373C42440F4D400404989 /* Frameworks */,
				8BD373C52440F4D400404989 /* Resources */,
			);
			buildRules = (
			);
			dependencies = (
			);
			name = PBUtils;
			productName = PBUtils;
			productReference = 8BD373C72440F4D400404989 /* PBUtils.framework */;
			productType = "com.apple.product-type.framework";
		};
		8BD373CF2440F4D400404989 /* PBUtilsTests */ = {
			isa = PBXNativeTarget;
			buildConfigurationList = 8BD373DE2440F4D400404989 /* Build configuration list for PBXNativeTarget "PBUtilsTests" */;
			buildPhases = (
				157A53D5F4515F0F8BDFECE6 /* [CP] Check Pods Manifest.lock */,
				8BD373CC2440F4D400404989 /* Sources */,
				8BD373CD2440F4D400404989 /* Frameworks */,
				8BD373CE2440F4D400404989 /* Resources */,
			);
			buildRules = (
			);
			dependencies = (
				8BD373D32440F4D400404989 /* PBXTargetDependency */,
			);
			name = PBUtilsTests;
			productName = PBUtilsTests;
			productReference = 8BD373D02440F4D400404989 /* PBUtilsTests.xctest */;
			productType = "com.apple.product-type.bundle.unit-test";
		};
		8BD373E42440F51400404989 /* PBUtilsExample */ = {
			isa = PBXNativeTarget;
			buildConfigurationList = 8BD373F62440F51500404989 /* Build configuration list for PBXNativeTarget "PBUtilsExample" */;
			buildPhases = (
				0C1B34C468F65DDB6DF1B73D /* [CP] Check Pods Manifest.lock */,
				8BD373E12440F51400404989 /* Sources */,
				8BD373E22440F51400404989 /* Frameworks */,
				8BD373E32440F51400404989 /* Resources */,
				85F3F72239C9DB3FA08851A3 /* [CP] Embed Pods Frameworks */,
			);
			buildRules = (
			);
			dependencies = (
			);
			name = PBUtilsExample;
			productName = PBUtilsExample;
			productReference = 8BD373E52440F51400404989 /* PBUtilsExample.app */;
			productType = "com.apple.product-type.application";
		};
/* End PBXNativeTarget section */

/* Begin PBXProject section */
		8BD373BE2440F4D400404989 /* Project object */ = {
			isa = PBXProject;
			attributes = {
				LastSwiftUpdateCheck = 1130;
				LastUpgradeCheck = 1130;
				ORGANIZATIONNAME = PabloBlanco;
				TargetAttributes = {
					8BD373C62440F4D400404989 = {
						CreatedOnToolsVersion = 11.3.1;
					};
					8BD373CF2440F4D400404989 = {
						CreatedOnToolsVersion = 11.3.1;
					};
					8BD373E42440F51400404989 = {
						CreatedOnToolsVersion = 11.3.1;
					};
				};
			};
			buildConfigurationList = 8BD373C12440F4D400404989 /* Build configuration list for PBXProject "PBUtils" */;
			compatibilityVersion = "Xcode 9.3";
			developmentRegion = en;
			hasScannedForEncodings = 0;
			knownRegions = (
				en,
				Base,
			);
			mainGroup = 8BD373BD2440F4D400404989;
			productRefGroup = 8BD373C82440F4D400404989 /* Products */;
			projectDirPath = "";
			projectRoot = "";
			targets = (
				8BD373C62440F4D400404989 /* PBUtils */,
				8BD373CF2440F4D400404989 /* PBUtilsTests */,
				8BD373E42440F51400404989 /* PBUtilsExample */,
			);
		};
/* End PBXProject section */

/* Begin PBXResourcesBuildPhase section */
		8BD373C52440F4D400404989 /* Resources */ = {
			isa = PBXResourcesBuildPhase;
			buildActionMask = 2147483647;
			files = (
			);
			runOnlyForDeploymentPostprocessing = 0;
		};
		8BD373CE2440F4D400404989 /* Resources */ = {
			isa = PBXResourcesBuildPhase;
			buildActionMask = 2147483647;
			files = (
			);
			runOnlyForDeploymentPostprocessing = 0;
		};
		8BD373E32440F51400404989 /* Resources */ = {
			isa = PBXResourcesBuildPhase;
			buildActionMask = 2147483647;
			files = (
				8BD373F42440F51500404989 /* LaunchScreen.storyboard in Resources */,
				8BD373F12440F51500404989 /* Assets.xcassets in Resources */,
				8BD373EF2440F51400404989 /* Main.storyboard in Resources */,
				8BD374752441D2AC00404989 /* TimelineView.xib in Resources */,
			);
			runOnlyForDeploymentPostprocessing = 0;
		};
/* End PBXResourcesBuildPhase section */

/* Begin PBXShellScriptBuildPhase section */
		0C1B34C468F65DDB6DF1B73D /* [CP] Check Pods Manifest.lock */ = {
			isa = PBXShellScriptBuildPhase;
			buildActionMask = 2147483647;
			files = (
			);
			inputFileListPaths = (
			);
			inputPaths = (
				"${PODS_PODFILE_DIR_PATH}/Podfile.lock",
				"${PODS_ROOT}/Manifest.lock",
			);
			name = "[CP] Check Pods Manifest.lock";
			outputFileListPaths = (
			);
			outputPaths = (
				"$(DERIVED_FILE_DIR)/Pods-PBUtilsExample-checkManifestLockResult.txt",
			);
			runOnlyForDeploymentPostprocessing = 0;
			shellPath = /bin/sh;
			shellScript = "diff \"${PODS_PODFILE_DIR_PATH}/Podfile.lock\" \"${PODS_ROOT}/Manifest.lock\" > /dev/null\nif [ $? != 0 ] ; then\n    # print error to STDERR\n    echo \"error: The sandbox is not in sync with the Podfile.lock. Run 'pod install' or update your CocoaPods installation.\" >&2\n    exit 1\nfi\n# This output is used by Xcode 'outputs' to avoid re-running this script phase.\necho \"SUCCESS\" > \"${SCRIPT_OUTPUT_FILE_0}\"\n";
			showEnvVarsInLog = 0;
		};
		106C713A776BC94D7E60838C /* [CP] Check Pods Manifest.lock */ = {
			isa = PBXShellScriptBuildPhase;
			buildActionMask = 2147483647;
			files = (
			);
			inputFileListPaths = (
			);
			inputPaths = (
				"${PODS_PODFILE_DIR_PATH}/Podfile.lock",
				"${PODS_ROOT}/Manifest.lock",
			);
			name = "[CP] Check Pods Manifest.lock";
			outputFileListPaths = (
			);
			outputPaths = (
				"$(DERIVED_FILE_DIR)/Pods-PBUtils-checkManifestLockResult.txt",
			);
			runOnlyForDeploymentPostprocessing = 0;
			shellPath = /bin/sh;
			shellScript = "diff \"${PODS_PODFILE_DIR_PATH}/Podfile.lock\" \"${PODS_ROOT}/Manifest.lock\" > /dev/null\nif [ $? != 0 ] ; then\n    # print error to STDERR\n    echo \"error: The sandbox is not in sync with the Podfile.lock. Run 'pod install' or update your CocoaPods installation.\" >&2\n    exit 1\nfi\n# This output is used by Xcode 'outputs' to avoid re-running this script phase.\necho \"SUCCESS\" > \"${SCRIPT_OUTPUT_FILE_0}\"\n";
			showEnvVarsInLog = 0;
		};
		157A53D5F4515F0F8BDFECE6 /* [CP] Check Pods Manifest.lock */ = {
			isa = PBXShellScriptBuildPhase;
			buildActionMask = 2147483647;
			files = (
			);
			inputFileListPaths = (
			);
			inputPaths = (
				"${PODS_PODFILE_DIR_PATH}/Podfile.lock",
				"${PODS_ROOT}/Manifest.lock",
			);
			name = "[CP] Check Pods Manifest.lock";
			outputFileListPaths = (
			);
			outputPaths = (
				"$(DERIVED_FILE_DIR)/Pods-PBUtils-PBUtilsTests-checkManifestLockResult.txt",
			);
			runOnlyForDeploymentPostprocessing = 0;
			shellPath = /bin/sh;
			shellScript = "diff \"${PODS_PODFILE_DIR_PATH}/Podfile.lock\" \"${PODS_ROOT}/Manifest.lock\" > /dev/null\nif [ $? != 0 ] ; then\n    # print error to STDERR\n    echo \"error: The sandbox is not in sync with the Podfile.lock. Run 'pod install' or update your CocoaPods installation.\" >&2\n    exit 1\nfi\n# This output is used by Xcode 'outputs' to avoid re-running this script phase.\necho \"SUCCESS\" > \"${SCRIPT_OUTPUT_FILE_0}\"\n";
			showEnvVarsInLog = 0;
		};
		85F3F72239C9DB3FA08851A3 /* [CP] Embed Pods Frameworks */ = {
			isa = PBXShellScriptBuildPhase;
			buildActionMask = 2147483647;
			files = (
			);
			inputFileListPaths = (
				"${PODS_ROOT}/Target Support Files/Pods-PBUtilsExample/Pods-PBUtilsExample-frameworks-${CONFIGURATION}-input-files.xcfilelist",
			);
			name = "[CP] Embed Pods Frameworks";
			outputFileListPaths = (
				"${PODS_ROOT}/Target Support Files/Pods-PBUtilsExample/Pods-PBUtilsExample-frameworks-${CONFIGURATION}-output-files.xcfilelist",
			);
			runOnlyForDeploymentPostprocessing = 0;
			shellPath = /bin/sh;
			shellScript = "\"${PODS_ROOT}/Target Support Files/Pods-PBUtilsExample/Pods-PBUtilsExample-frameworks.sh\"\n";
			showEnvVarsInLog = 0;
		};
/* End PBXShellScriptBuildPhase section */

/* Begin PBXSourcesBuildPhase section */
		8BD373C32440F4D400404989 /* Sources */ = {
			isa = PBXSourcesBuildPhase;
			buildActionMask = 2147483647;
			files = (
				8BD374682441CAE800404989 /* UIKeyboard+Utils.swift in Sources */,
				8BD374672441CAE800404989 /* UINib+Utils.swift in Sources */,
				8BD374692441CAE800404989 /* UIViewControllerUtils.swift in Sources */,
				8BD374642441CAE800404989 /* UICollectionViewCell+Utils.swift in Sources */,
				8BD374662441CAE800404989 /* Colors.swift in Sources */,
				8BD3746C2441CAE800404989 /* Date+Utils.swift in Sources */,
				8BD374652441CAE800404989 /* UIView+Utils.swift in Sources */,
				8BD3740A2440F55600404989 /* LocalFiles+Utils.swift in Sources */,
				8BD3746A2441CAE800404989 /* UITableView+Utils.swift in Sources */,
				8BD374712441CC3400404989 /* NibFileOwnerLoadableProtocol.swift in Sources */,
				8BD3746D2441CAE800404989 /* ReusableViewProtocol.swift in Sources */,
				8BD3746B2441CAE800404989 /* UIStackView+Utils.swift in Sources */,
			);
			runOnlyForDeploymentPostprocessing = 0;
		};
		8BD373CC2440F4D400404989 /* Sources */ = {
			isa = PBXSourcesBuildPhase;
			buildActionMask = 2147483647;
			files = (
				8BD373D62440F4D400404989 /* PBUtilsTests.swift in Sources */,
			);
			runOnlyForDeploymentPostprocessing = 0;
		};
		8BD373E12440F51400404989 /* Sources */ = {
			isa = PBXSourcesBuildPhase;
			buildActionMask = 2147483647;
			files = (
				8BD373EC2440F51400404989 /* ViewController.swift in Sources */,
				8BD373E82440F51400404989 /* AppDelegate.swift in Sources */,
			);
			runOnlyForDeploymentPostprocessing = 0;
		};
/* End PBXSourcesBuildPhase section */

/* Begin PBXTargetDependency section */
		8BD373D32440F4D400404989 /* PBXTargetDependency */ = {
			isa = PBXTargetDependency;
			target = 8BD373C62440F4D400404989 /* PBUtils */;
			targetProxy = 8BD373D22440F4D400404989 /* PBXContainerItemProxy */;
		};
/* End PBXTargetDependency section */

/* Begin PBXVariantGroup section */
		8BD373ED2440F51400404989 /* Main.storyboard */ = {
			isa = PBXVariantGroup;
			children = (
				8BD373EE2440F51400404989 /* Base */,
			);
			name = Main.storyboard;
			sourceTree = "<group>";
		};
		8BD373F22440F51500404989 /* LaunchScreen.storyboard */ = {
			isa = PBXVariantGroup;
			children = (
				8BD373F32440F51500404989 /* Base */,
			);
			name = LaunchScreen.storyboard;
			sourceTree = "<group>";
		};
/* End PBXVariantGroup section */

/* Begin XCBuildConfiguration section */
		8BD373D92440F4D400404989 /* Debug */ = {
			isa = XCBuildConfiguration;
			buildSettings = {
				ALWAYS_SEARCH_USER_PATHS = NO;
				CLANG_ANALYZER_NONNULL = YES;
				CLANG_ANALYZER_NUMBER_OBJECT_CONVERSION = YES_AGGRESSIVE;
				CLANG_CXX_LANGUAGE_STANDARD = "gnu++14";
				CLANG_CXX_LIBRARY = "libc++";
				CLANG_ENABLE_MODULES = YES;
				CLANG_ENABLE_OBJC_ARC = YES;
				CLANG_ENABLE_OBJC_WEAK = YES;
				CLANG_WARN_BLOCK_CAPTURE_AUTORELEASING = YES;
				CLANG_WARN_BOOL_CONVERSION = YES;
				CLANG_WARN_COMMA = YES;
				CLANG_WARN_CONSTANT_CONVERSION = YES;
				CLANG_WARN_DEPRECATED_OBJC_IMPLEMENTATIONS = YES;
				CLANG_WARN_DIRECT_OBJC_ISA_USAGE = YES_ERROR;
				CLANG_WARN_DOCUMENTATION_COMMENTS = YES;
				CLANG_WARN_EMPTY_BODY = YES;
				CLANG_WARN_ENUM_CONVERSION = YES;
				CLANG_WARN_INFINITE_RECURSION = YES;
				CLANG_WARN_INT_CONVERSION = YES;
				CLANG_WARN_NON_LITERAL_NULL_CONVERSION = YES;
				CLANG_WARN_OBJC_IMPLICIT_RETAIN_SELF = YES;
				CLANG_WARN_OBJC_LITERAL_CONVERSION = YES;
				CLANG_WARN_OBJC_ROOT_CLASS = YES_ERROR;
				CLANG_WARN_RANGE_LOOP_ANALYSIS = YES;
				CLANG_WARN_STRICT_PROTOTYPES = YES;
				CLANG_WARN_SUSPICIOUS_MOVE = YES;
				CLANG_WARN_UNGUARDED_AVAILABILITY = YES_AGGRESSIVE;
				CLANG_WARN_UNREACHABLE_CODE = YES;
				CLANG_WARN__DUPLICATE_METHOD_MATCH = YES;
				COPY_PHASE_STRIP = NO;
				CURRENT_PROJECT_VERSION = 1;
				DEBUG_INFORMATION_FORMAT = dwarf;
				ENABLE_STRICT_OBJC_MSGSEND = YES;
				ENABLE_TESTABILITY = YES;
				GCC_C_LANGUAGE_STANDARD = gnu11;
				GCC_DYNAMIC_NO_PIC = NO;
				GCC_NO_COMMON_BLOCKS = YES;
				GCC_OPTIMIZATION_LEVEL = 0;
				GCC_PREPROCESSOR_DEFINITIONS = (
					"DEBUG=1",
					"$(inherited)",
				);
				GCC_WARN_64_TO_32_BIT_CONVERSION = YES;
				GCC_WARN_ABOUT_RETURN_TYPE = YES_ERROR;
				GCC_WARN_UNDECLARED_SELECTOR = YES;
				GCC_WARN_UNINITIALIZED_AUTOS = YES_AGGRESSIVE;
				GCC_WARN_UNUSED_FUNCTION = YES;
				GCC_WARN_UNUSED_VARIABLE = YES;
				IPHONEOS_DEPLOYMENT_TARGET = 11.0;
				MTL_ENABLE_DEBUG_INFO = INCLUDE_SOURCE;
				MTL_FAST_MATH = YES;
				ONLY_ACTIVE_ARCH = YES;
				SDKROOT = iphoneos;
				SWIFT_ACTIVE_COMPILATION_CONDITIONS = DEBUG;
				SWIFT_OPTIMIZATION_LEVEL = "-Onone";
				VERSIONING_SYSTEM = "apple-generic";
				VERSION_INFO_PREFIX = "";
			};
			name = Debug;
		};
		8BD373DA2440F4D400404989 /* Release */ = {
			isa = XCBuildConfiguration;
			buildSettings = {
				ALWAYS_SEARCH_USER_PATHS = NO;
				CLANG_ANALYZER_NONNULL = YES;
				CLANG_ANALYZER_NUMBER_OBJECT_CONVERSION = YES_AGGRESSIVE;
				CLANG_CXX_LANGUAGE_STANDARD = "gnu++14";
				CLANG_CXX_LIBRARY = "libc++";
				CLANG_ENABLE_MODULES = YES;
				CLANG_ENABLE_OBJC_ARC = YES;
				CLANG_ENABLE_OBJC_WEAK = YES;
				CLANG_WARN_BLOCK_CAPTURE_AUTORELEASING = YES;
				CLANG_WARN_BOOL_CONVERSION = YES;
				CLANG_WARN_COMMA = YES;
				CLANG_WARN_CONSTANT_CONVERSION = YES;
				CLANG_WARN_DEPRECATED_OBJC_IMPLEMENTATIONS = YES;
				CLANG_WARN_DIRECT_OBJC_ISA_USAGE = YES_ERROR;
				CLANG_WARN_DOCUMENTATION_COMMENTS = YES;
				CLANG_WARN_EMPTY_BODY = YES;
				CLANG_WARN_ENUM_CONVERSION = YES;
				CLANG_WARN_INFINITE_RECURSION = YES;
				CLANG_WARN_INT_CONVERSION = YES;
				CLANG_WARN_NON_LITERAL_NULL_CONVERSION = YES;
				CLANG_WARN_OBJC_IMPLICIT_RETAIN_SELF = YES;
				CLANG_WARN_OBJC_LITERAL_CONVERSION = YES;
				CLANG_WARN_OBJC_ROOT_CLASS = YES_ERROR;
				CLANG_WARN_RANGE_LOOP_ANALYSIS = YES;
				CLANG_WARN_STRICT_PROTOTYPES = YES;
				CLANG_WARN_SUSPICIOUS_MOVE = YES;
				CLANG_WARN_UNGUARDED_AVAILABILITY = YES_AGGRESSIVE;
				CLANG_WARN_UNREACHABLE_CODE = YES;
				CLANG_WARN__DUPLICATE_METHOD_MATCH = YES;
				COPY_PHASE_STRIP = NO;
				CURRENT_PROJECT_VERSION = 1;
				DEBUG_INFORMATION_FORMAT = "dwarf-with-dsym";
				ENABLE_NS_ASSERTIONS = NO;
				ENABLE_STRICT_OBJC_MSGSEND = YES;
				GCC_C_LANGUAGE_STANDARD = gnu11;
				GCC_NO_COMMON_BLOCKS = YES;
				GCC_WARN_64_TO_32_BIT_CONVERSION = YES;
				GCC_WARN_ABOUT_RETURN_TYPE = YES_ERROR;
				GCC_WARN_UNDECLARED_SELECTOR = YES;
				GCC_WARN_UNINITIALIZED_AUTOS = YES_AGGRESSIVE;
				GCC_WARN_UNUSED_FUNCTION = YES;
				GCC_WARN_UNUSED_VARIABLE = YES;
				IPHONEOS_DEPLOYMENT_TARGET = 11.0;
				MTL_ENABLE_DEBUG_INFO = NO;
				MTL_FAST_MATH = YES;
				SDKROOT = iphoneos;
				SWIFT_COMPILATION_MODE = wholemodule;
				SWIFT_OPTIMIZATION_LEVEL = "-O";
				VALIDATE_PRODUCT = YES;
				VERSIONING_SYSTEM = "apple-generic";
				VERSION_INFO_PREFIX = "";
			};
			name = Release;
		};
		8BD373DC2440F4D400404989 /* Debug */ = {
			isa = XCBuildConfiguration;
			baseConfigurationReference = 3CDFCA9F7D9EF03A5535A423 /* Pods-PBUtils.debug.xcconfig */;
			buildSettings = {
				CODE_SIGN_STYLE = Automatic;
				DEFINES_MODULE = YES;
				DEVELOPMENT_TEAM = B7S28UQF8S;
				DYLIB_COMPATIBILITY_VERSION = 1;
				DYLIB_CURRENT_VERSION = 1;
				DYLIB_INSTALL_NAME_BASE = "@rpath";
				INFOPLIST_FILE = PBUtils/Info.plist;
				INSTALL_PATH = "$(LOCAL_LIBRARY_DIR)/Frameworks";
				LD_RUNPATH_SEARCH_PATHS = (
					"$(inherited)",
					"@executable_path/Frameworks",
					"@loader_path/Frameworks",
				);
				PRODUCT_BUNDLE_IDENTIFIER = com.pabloblanco.PBUtils;
				PRODUCT_NAME = "$(TARGET_NAME:c99extidentifier)";
				SKIP_INSTALL = YES;
				SWIFT_VERSION = 5.0;
				TARGETED_DEVICE_FAMILY = "1,2";
			};
			name = Debug;
		};
		8BD373DD2440F4D400404989 /* Release */ = {
			isa = XCBuildConfiguration;
			baseConfigurationReference = EC288DD3333DD708EF962CEE /* Pods-PBUtils.release.xcconfig */;
			buildSettings = {
				CODE_SIGN_STYLE = Automatic;
				DEFINES_MODULE = YES;
				DEVELOPMENT_TEAM = B7S28UQF8S;
				DYLIB_COMPATIBILITY_VERSION = 1;
				DYLIB_CURRENT_VERSION = 1;
				DYLIB_INSTALL_NAME_BASE = "@rpath";
				INFOPLIST_FILE = PBUtils/Info.plist;
				INSTALL_PATH = "$(LOCAL_LIBRARY_DIR)/Frameworks";
				LD_RUNPATH_SEARCH_PATHS = (
					"$(inherited)",
					"@executable_path/Frameworks",
					"@loader_path/Frameworks",
				);
				PRODUCT_BUNDLE_IDENTIFIER = com.pabloblanco.PBUtils;
				PRODUCT_NAME = "$(TARGET_NAME:c99extidentifier)";
				SKIP_INSTALL = YES;
				SWIFT_VERSION = 5.0;
				TARGETED_DEVICE_FAMILY = "1,2";
			};
			name = Release;
		};
		8BD373DF2440F4D400404989 /* Debug */ = {
			isa = XCBuildConfiguration;
			baseConfigurationReference = 0E0399FD10E1D5905CD66A7B /* Pods-PBUtils-PBUtilsTests.debug.xcconfig */;
			buildSettings = {
				ALWAYS_EMBED_SWIFT_STANDARD_LIBRARIES = YES;
				CODE_SIGN_STYLE = Automatic;
				DEVELOPMENT_TEAM = B7S28UQF8S;
				INFOPLIST_FILE = PBUtilsTests/Info.plist;
				LD_RUNPATH_SEARCH_PATHS = (
					"$(inherited)",
					"@executable_path/Frameworks",
					"@loader_path/Frameworks",
				);
				PRODUCT_BUNDLE_IDENTIFIER = com.pabloblanco.PBUtilsTests;
				PRODUCT_NAME = "$(TARGET_NAME)";
				SWIFT_VERSION = 5.0;
				TARGETED_DEVICE_FAMILY = "1,2";
			};
			name = Debug;
		};
		8BD373E02440F4D400404989 /* Release */ = {
			isa = XCBuildConfiguration;
			baseConfigurationReference = C4FA9DDFDAE1CA6B12CC33EC /* Pods-PBUtils-PBUtilsTests.release.xcconfig */;
			buildSettings = {
				ALWAYS_EMBED_SWIFT_STANDARD_LIBRARIES = YES;
				CODE_SIGN_STYLE = Automatic;
				DEVELOPMENT_TEAM = B7S28UQF8S;
				INFOPLIST_FILE = PBUtilsTests/Info.plist;
				LD_RUNPATH_SEARCH_PATHS = (
					"$(inherited)",
					"@executable_path/Frameworks",
					"@loader_path/Frameworks",
				);
				PRODUCT_BUNDLE_IDENTIFIER = com.pabloblanco.PBUtilsTests;
				PRODUCT_NAME = "$(TARGET_NAME)";
				SWIFT_VERSION = 5.0;
				TARGETED_DEVICE_FAMILY = "1,2";
			};
			name = Release;
		};
		8BD373F72440F51500404989 /* Debug */ = {
			isa = XCBuildConfiguration;
			baseConfigurationReference = 4C3EFF2882ECF0F0464BF20B /* Pods-PBUtilsExample.debug.xcconfig */;
			buildSettings = {
				ASSETCATALOG_COMPILER_APPICON_NAME = AppIcon;
				CODE_SIGN_STYLE = Automatic;
				DEVELOPMENT_TEAM = B7S28UQF8S;
				INFOPLIST_FILE = PBUtilsExample/Info.plist;
				LD_RUNPATH_SEARCH_PATHS = (
					"$(inherited)",
					"@executable_path/Frameworks",
				);
				PRODUCT_BUNDLE_IDENTIFIER = com.pabloblanco.PBUtilsExample;
				PRODUCT_NAME = "$(TARGET_NAME)";
				SWIFT_VERSION = 5.0;
				TARGETED_DEVICE_FAMILY = "1,2";
			};
			name = Debug;
		};
		8BD373F82440F51500404989 /* Release */ = {
			isa = XCBuildConfiguration;
			baseConfigurationReference = 0CFC8B7D4B707D6DF224AE10 /* Pods-PBUtilsExample.release.xcconfig */;
			buildSettings = {
				ASSETCATALOG_COMPILER_APPICON_NAME = AppIcon;
				CODE_SIGN_STYLE = Automatic;
				DEVELOPMENT_TEAM = B7S28UQF8S;
				INFOPLIST_FILE = PBUtilsExample/Info.plist;
				LD_RUNPATH_SEARCH_PATHS = (
					"$(inherited)",
					"@executable_path/Frameworks",
				);
				PRODUCT_BUNDLE_IDENTIFIER = com.pabloblanco.PBUtilsExample;
				PRODUCT_NAME = "$(TARGET_NAME)";
				SWIFT_VERSION = 5.0;
				TARGETED_DEVICE_FAMILY = "1,2";
			};
			name = Release;
		};
/* End XCBuildConfiguration section */

/* Begin XCConfigurationList section */
		8BD373C12440F4D400404989 /* Build configuration list for PBXProject "PBUtils" */ = {
			isa = XCConfigurationList;
			buildConfigurations = (
				8BD373D92440F4D400404989 /* Debug */,
				8BD373DA2440F4D400404989 /* Release */,
			);
			defaultConfigurationIsVisible = 0;
			defaultConfigurationName = Release;
		};
		8BD373DB2440F4D400404989 /* Build configuration list for PBXNativeTarget "PBUtils" */ = {
			isa = XCConfigurationList;
			buildConfigurations = (
				8BD373DC2440F4D400404989 /* Debug */,
				8BD373DD2440F4D400404989 /* Release */,
			);
			defaultConfigurationIsVisible = 0;
			defaultConfigurationName = Release;
		};
		8BD373DE2440F4D400404989 /* Build configuration list for PBXNativeTarget "PBUtilsTests" */ = {
			isa = XCConfigurationList;
			buildConfigurations = (
				8BD373DF2440F4D400404989 /* Debug */,
				8BD373E02440F4D400404989 /* Release */,
			);
			defaultConfigurationIsVisible = 0;
			defaultConfigurationName = Release;
		};
		8BD373F62440F51500404989 /* Build configuration list for PBXNativeTarget "PBUtilsExample" */ = {
			isa = XCConfigurationList;
			buildConfigurations = (
				8BD373F72440F51500404989 /* Debug */,
				8BD373F82440F51500404989 /* Release */,
			);
			defaultConfigurationIsVisible = 0;
			defaultConfigurationName = Release;
		};
/* End XCConfigurationList section */
	};
	rootObject = 8BD373BE2440F4D400404989 /* Project object */;
}
